
Microsoft Visual Studio Solution File, Format Version 12.00
# Visual Studio Version 16
VisualStudioVersion = 16.0.30128.74
MinimumVisualStudioVersion = 10.0.40219.1
Project("{FAE04EC0-301F-11D3-BF4B-00C04F79EFBC}") = "Курсач", "Курсач.csproj", "{48E90EA0-AEDE-4B3F-B4A4-47871AAFC381}"
EndProject
Global
	GlobalSection(SolutionConfigurationPlatforms) = preSolution
		Debug|Any CPU = Debug|Any CPU
		Release|Any CPU = Release|Any CPU
	EndGlobalSection
	GlobalSection(ProjectConfigurationPlatforms) = postSolution
		{48E90EA0-AEDE-4B3F-B4A4-47871AAFC381}.Debug|Any CPU.ActiveCfg = Debug|Any CPU
		{48E90EA0-AEDE-4B3F-B4A4-47871AAFC381}.Debug|Any CPU.Build.0 = Debug|Any CPU
		{48E90EA0-AEDE-4B3F-B4A4-47871AAFC381}.Release|Any CPU.ActiveCfg = Release|Any CPU
		{48E90EA0-AEDE-4B3F-B4A4-47871AAFC381}.Release|Any CPU.Build.0 = Release|Any CPU
	EndGlobalSection
	GlobalSection(SolutionProperties) = preSolution
		HideSolutionNode = FALSE
	EndGlobalSection
	GlobalSection(ExtensibilityGlobals) = postSolution
		SolutionGuid = {3FF4B0E4-3A1D-415C-926A-28A101ECBC34}
	EndGlobalSection
EndGlobal
